// !$*UTF8*$!
{
	archiveVersion = 1;
	classes = {
	};
	objectVersion = 46;
	objects = {

/* Begin PBXBuildFile section */
		3242F4451EF1C55A00AD3D55 /* AppDelegate.swift in Sources */ = {isa = PBXBuildFile; fileRef = 3242F4441EF1C55A00AD3D55 /* AppDelegate.swift */; };
		3242F4471EF1C55A00AD3D55 /* ViewController.swift in Sources */ = {isa = PBXBuildFile; fileRef = 3242F4461EF1C55A00AD3D55 /* ViewController.swift */; };
		3242F44A1EF1C55A00AD3D55 /* Main.storyboard in Resources */ = {isa = PBXBuildFile; fileRef = 3242F4481EF1C55A00AD3D55 /* Main.storyboard */; };
		3242F44C1EF1C55A00AD3D55 /* Assets.xcassets in Resources */ = {isa = PBXBuildFile; fileRef = 3242F44B1EF1C55A00AD3D55 /* Assets.xcassets */; };
		3242F44F1EF1C55A00AD3D55 /* LaunchScreen.storyboard in Resources */ = {isa = PBXBuildFile; fileRef = 3242F44D1EF1C55A00AD3D55 /* LaunchScreen.storyboard */; };
		3242F4651EF1C55A00AD3D55 /* FizzBuzzUITests.swift in Sources */ = {isa = PBXBuildFile; fileRef = 3242F4641EF1C55A00AD3D55 /* FizzBuzzUITests.swift */; };
		3242F4731EF1C5A200AD3D55 /* FizzBuzz.swift in Sources */ = {isa = PBXBuildFile; fileRef = 3242F4721EF1C5A200AD3D55 /* FizzBuzz.swift */; };
		3242F4761EF1C70400AD3D55 /* Alamofire.framework in Frameworks */ = {isa = PBXBuildFile; fileRef = 3242F4751EF1C70400AD3D55 /* Alamofire.framework */; };
		3242F4781EF1C71700AD3D55 /* Alamofire.framework in CopyFiles */ = {isa = PBXBuildFile; fileRef = 3242F4751EF1C70400AD3D55 /* Alamofire.framework */; settings = {ATTRIBUTES = (CodeSignOnCopy, RemoveHeadersOnCopy, ); }; };
		3242F47B1EF1C72700AD3D55 /* Nimble.framework in Frameworks */ = {isa = PBXBuildFile; fileRef = 3242F4791EF1C72700AD3D55 /* Nimble.framework */; };
		3242F47C1EF1C72700AD3D55 /* Quick.framework in Frameworks */ = {isa = PBXBuildFile; fileRef = 3242F47A1EF1C72700AD3D55 /* Quick.framework */; };
		3242F47E1EF1C73500AD3D55 /* Nimble.framework in CopyFiles */ = {isa = PBXBuildFile; fileRef = 3242F4791EF1C72700AD3D55 /* Nimble.framework */; settings = {ATTRIBUTES = (CodeSignOnCopy, RemoveHeadersOnCopy, ); }; };
		3242F47F1EF1C73500AD3D55 /* Quick.framework in CopyFiles */ = {isa = PBXBuildFile; fileRef = 3242F47A1EF1C72700AD3D55 /* Quick.framework */; settings = {ATTRIBUTES = (CodeSignOnCopy, RemoveHeadersOnCopy, ); }; };
		3242F4801EF1C74200AD3D55 /* Nimble.framework in Frameworks */ = {isa = PBXBuildFile; fileRef = 3242F4791EF1C72700AD3D55 /* Nimble.framework */; };
		3242F4811EF1C74200AD3D55 /* Quick.framework in Frameworks */ = {isa = PBXBuildFile; fileRef = 3242F47A1EF1C72700AD3D55 /* Quick.framework */; };
		3242F4831EF1C75200AD3D55 /* Nimble.framework in CopyFiles */ = {isa = PBXBuildFile; fileRef = 3242F4791EF1C72700AD3D55 /* Nimble.framework */; settings = {ATTRIBUTES = (CodeSignOnCopy, RemoveHeadersOnCopy, ); }; };
		3242F4841EF1C75200AD3D55 /* Quick.framework in CopyFiles */ = {isa = PBXBuildFile; fileRef = 3242F47A1EF1C72700AD3D55 /* Quick.framework */; settings = {ATTRIBUTES = (CodeSignOnCopy, RemoveHeadersOnCopy, ); }; };
		3242F4861EF1C88300AD3D55 /* Brain.swift in Sources */ = {isa = PBXBuildFile; fileRef = 3242F4851EF1C88300AD3D55 /* Brain.swift */; };
/* End PBXBuildFile section */

/* Begin PBXContainerItemProxy section */
		3242F4561EF1C55A00AD3D55 /* PBXContainerItemProxy */ = {
			isa = PBXContainerItemProxy;
			containerPortal = 3242F4391EF1C55A00AD3D55 /* Project object */;
			proxyType = 1;
			remoteGlobalIDString = 3242F4401EF1C55A00AD3D55;
			remoteInfo = FizzBuzz;
		};
		3242F4611EF1C55A00AD3D55 /* PBXContainerItemProxy */ = {
			isa = PBXContainerItemProxy;
			containerPortal = 3242F4391EF1C55A00AD3D55 /* Project object */;
			proxyType = 1;
			remoteGlobalIDString = 3242F4401EF1C55A00AD3D55;
			remoteInfo = FizzBuzz;
		};
/* End PBXContainerItemProxy section */

/* Begin PBXCopyFilesBuildPhase section */
		3242F4771EF1C70800AD3D55 /* CopyFiles */ = {
			isa = PBXCopyFilesBuildPhase;
			buildActionMask = 2147483647;
			dstPath = "";
			dstSubfolderSpec = 10;
			files = (
				3242F4781EF1C71700AD3D55 /* Alamofire.framework in CopyFiles */,
			);
			runOnlyForDeploymentPostprocessing = 0;
		};
		3242F47D1EF1C72A00AD3D55 /* CopyFiles */ = {
			isa = PBXCopyFilesBuildPhase;
			buildActionMask = 2147483647;
			dstPath = "";
			dstSubfolderSpec = 10;
			files = (
				3242F47E1EF1C73500AD3D55 /* Nimble.framework in CopyFiles */,
				3242F47F1EF1C73500AD3D55 /* Quick.framework in CopyFiles */,
			);
			runOnlyForDeploymentPostprocessing = 0;
		};
		3242F4821EF1C74500AD3D55 /* CopyFiles */ = {
			isa = PBXCopyFilesBuildPhase;
			buildActionMask = 2147483647;
			dstPath = "";
			dstSubfolderSpec = 10;
			files = (
				3242F4831EF1C75200AD3D55 /* Nimble.framework in CopyFiles */,
				3242F4841EF1C75200AD3D55 /* Quick.framework in CopyFiles */,
			);
			runOnlyForDeploymentPostprocessing = 0;
		};
/* End PBXCopyFilesBuildPhase section */

/* Begin PBXFileReference section */
		3242F4411EF1C55A00AD3D55 /* FizzBuzz.app */ = {isa = PBXFileReference; explicitFileType = wrapper.application; includeInIndex = 0; path = FizzBuzz.app; sourceTree = BUILT_PRODUCTS_DIR; };
		3242F4441EF1C55A00AD3D55 /* AppDelegate.swift */ = {isa = PBXFileReference; lastKnownFileType = sourcecode.swift; path = AppDelegate.swift; sourceTree = "<group>"; };
		3242F4461EF1C55A00AD3D55 /* ViewController.swift */ = {isa = PBXFileReference; lastKnownFileType = sourcecode.swift; path = ViewController.swift; sourceTree = "<group>"; };
		3242F4491EF1C55A00AD3D55 /* Base */ = {isa = PBXFileReference; lastKnownFileType = file.storyboard; name = Base; path = Base.lproj/Main.storyboard; sourceTree = "<group>"; };
		3242F44B1EF1C55A00AD3D55 /* Assets.xcassets */ = {isa = PBXFileReference; lastKnownFileType = folder.assetcatalog; path = Assets.xcassets; sourceTree = "<group>"; };
		3242F44E1EF1C55A00AD3D55 /* Base */ = {isa = PBXFileReference; lastKnownFileType = file.storyboard; name = Base; path = Base.lproj/LaunchScreen.storyboard; sourceTree = "<group>"; };
		3242F4501EF1C55A00AD3D55 /* Info.plist */ = {isa = PBXFileReference; lastKnownFileType = text.plist.xml; path = Info.plist; sourceTree = "<group>"; };
		3242F4551EF1C55A00AD3D55 /* FizzBuzzTests.xctest */ = {isa = PBXFileReference; explicitFileType = wrapper.cfbundle; includeInIndex = 0; path = FizzBuzzTests.xctest; sourceTree = BUILT_PRODUCTS_DIR; };
		3242F45B1EF1C55A00AD3D55 /* Info.plist */ = {isa = PBXFileReference; lastKnownFileType = text.plist.xml; path = Info.plist; sourceTree = "<group>"; };
		3242F4601EF1C55A00AD3D55 /* FizzBuzzUITests.xctest */ = {isa = PBXFileReference; explicitFileType = wrapper.cfbundle; includeInIndex = 0; path = FizzBuzzUITests.xctest; sourceTree = BUILT_PRODUCTS_DIR; };
		3242F4641EF1C55A00AD3D55 /* FizzBuzzUITests.swift */ = {isa = PBXFileReference; lastKnownFileType = sourcecode.swift; path = FizzBuzzUITests.swift; sourceTree = "<group>"; };
		3242F4661EF1C55A00AD3D55 /* Info.plist */ = {isa = PBXFileReference; lastKnownFileType = text.plist.xml; path = Info.plist; sourceTree = "<group>"; };
		3242F4721EF1C5A200AD3D55 /* FizzBuzz.swift */ = {isa = PBXFileReference; fileEncoding = 4; lastKnownFileType = sourcecode.swift; path = FizzBuzz.swift; sourceTree = "<group>"; };
		3242F4751EF1C70400AD3D55 /* Alamofire.framework */ = {isa = PBXFileReference; lastKnownFileType = wrapper.framework; name = Alamofire.framework; path = Carthage/Build/iOS/Alamofire.framework; sourceTree = "<group>"; };
		3242F4791EF1C72700AD3D55 /* Nimble.framework */ = {isa = PBXFileReference; lastKnownFileType = wrapper.framework; name = Nimble.framework; path = Carthage/Build/iOS/Nimble.framework; sourceTree = "<group>"; };
		3242F47A1EF1C72700AD3D55 /* Quick.framework */ = {isa = PBXFileReference; lastKnownFileType = wrapper.framework; name = Quick.framework; path = Carthage/Build/iOS/Quick.framework; sourceTree = "<group>"; };
		3242F4851EF1C88300AD3D55 /* Brain.swift */ = {isa = PBXFileReference; fileEncoding = 4; lastKnownFileType = sourcecode.swift; path = Brain.swift; sourceTree = "<group>"; };
/* End PBXFileReference section */

/* Begin PBXFrameworksBuildPhase section */
		3242F43E1EF1C55A00AD3D55 /* Frameworks */ = {
			isa = PBXFrameworksBuildPhase;
			buildActionMask = 2147483647;
			files = (
				3242F4761EF1C70400AD3D55 /* Alamofire.framework in Frameworks */,
			);
			runOnlyForDeploymentPostprocessing = 0;
		};
		3242F4521EF1C55A00AD3D55 /* Frameworks */ = {
			isa = PBXFrameworksBuildPhase;
			buildActionMask = 2147483647;
			files = (
				3242F47B1EF1C72700AD3D55 /* Nimble.framework in Frameworks */,
				3242F47C1EF1C72700AD3D55 /* Quick.framework in Frameworks */,
			);
			runOnlyForDeploymentPostprocessing = 0;
		};
		3242F45D1EF1C55A00AD3D55 /* Frameworks */ = {
			isa = PBXFrameworksBuildPhase;
			buildActionMask = 2147483647;
			files = (
				3242F4801EF1C74200AD3D55 /* Nimble.framework in Frameworks */,
				3242F4811EF1C74200AD3D55 /* Quick.framework in Frameworks */,
			);
			runOnlyForDeploymentPostprocessing = 0;
		};
/* End PBXFrameworksBuildPhase section */

/* Begin PBXGroup section */
		3242F4381EF1C55A00AD3D55 = {
			isa = PBXGroup;
			children = (
				3242F4431EF1C55A00AD3D55 /* FizzBuzz */,
				3242F4581EF1C55A00AD3D55 /* FizzBuzzTests */,
				3242F4631EF1C55A00AD3D55 /* FizzBuzzUITests */,
				3242F4421EF1C55A00AD3D55 /* Products */,
				3242F4741EF1C70400AD3D55 /* Frameworks */,
			);
			sourceTree = "<group>";
		};
		3242F4421EF1C55A00AD3D55 /* Products */ = {
			isa = PBXGroup;
			children = (
				3242F4411EF1C55A00AD3D55 /* FizzBuzz.app */,
				3242F4551EF1C55A00AD3D55 /* FizzBuzzTests.xctest */,
				3242F4601EF1C55A00AD3D55 /* FizzBuzzUITests.xctest */,
			);
			name = Products;
			sourceTree = "<group>";
		};
		3242F4431EF1C55A00AD3D55 /* FizzBuzz */ = {
			isa = PBXGroup;
			children = (
				3242F4441EF1C55A00AD3D55 /* AppDelegate.swift */,
				3242F4461EF1C55A00AD3D55 /* ViewController.swift */,
				3242F4481EF1C55A00AD3D55 /* Main.storyboard */,
				3242F44B1EF1C55A00AD3D55 /* Assets.xcassets */,
				3242F44D1EF1C55A00AD3D55 /* LaunchScreen.storyboard */,
				3242F4501EF1C55A00AD3D55 /* Info.plist */,
				3242F4851EF1C88300AD3D55 /* Brain.swift */,
			);
			path = FizzBuzz;
			sourceTree = "<group>";
		};
		3242F4581EF1C55A00AD3D55 /* FizzBuzzTests */ = {
			isa = PBXGroup;
			children = (
				3242F45B1EF1C55A00AD3D55 /* Info.plist */,
				3242F4721EF1C5A200AD3D55 /* FizzBuzz.swift */,
			);
			path = FizzBuzzTests;
			sourceTree = "<group>";
		};
		3242F4631EF1C55A00AD3D55 /* FizzBuzzUITests */ = {
			isa = PBXGroup;
			children = (
				3242F4641EF1C55A00AD3D55 /* FizzBuzzUITests.swift */,
				3242F4661EF1C55A00AD3D55 /* Info.plist */,
			);
			path = FizzBuzzUITests;
			sourceTree = "<group>";
		};
		3242F4741EF1C70400AD3D55 /* Frameworks */ = {
			isa = PBXGroup;
			children = (
				3242F4791EF1C72700AD3D55 /* Nimble.framework */,
				3242F47A1EF1C72700AD3D55 /* Quick.framework */,
				3242F4751EF1C70400AD3D55 /* Alamofire.framework */,
			);
			name = Frameworks;
			sourceTree = "<group>";
		};
/* End PBXGroup section */

/* Begin PBXNativeTarget section */
		3242F4401EF1C55A00AD3D55 /* FizzBuzz */ = {
			isa = PBXNativeTarget;
			buildConfigurationList = 3242F4691EF1C55A00AD3D55 /* Build configuration list for PBXNativeTarget "FizzBuzz" */;
			buildPhases = (
				3242F43D1EF1C55A00AD3D55 /* Sources */,
				3242F43E1EF1C55A00AD3D55 /* Frameworks */,
				3242F43F1EF1C55A00AD3D55 /* Resources */,
				3242F4771EF1C70800AD3D55 /* CopyFiles */,
			);
			buildRules = (
			);
			dependencies = (
			);
			name = FizzBuzz;
			productName = FizzBuzz;
			productReference = 3242F4411EF1C55A00AD3D55 /* FizzBuzz.app */;
			productType = "com.apple.product-type.application";
		};
		3242F4541EF1C55A00AD3D55 /* FizzBuzzTests */ = {
			isa = PBXNativeTarget;
			buildConfigurationList = 3242F46C1EF1C55A00AD3D55 /* Build configuration list for PBXNativeTarget "FizzBuzzTests" */;
			buildPhases = (
				3242F4511EF1C55A00AD3D55 /* Sources */,
				3242F4521EF1C55A00AD3D55 /* Frameworks */,
				3242F4531EF1C55A00AD3D55 /* Resources */,
				3242F47D1EF1C72A00AD3D55 /* CopyFiles */,
			);
			buildRules = (
			);
			dependencies = (
				3242F4571EF1C55A00AD3D55 /* PBXTargetDependency */,
			);
			name = FizzBuzzTests;
			productName = FizzBuzzTests;
			productReference = 3242F4551EF1C55A00AD3D55 /* FizzBuzzTests.xctest */;
			productType = "com.apple.product-type.bundle.unit-test";
		};
		3242F45F1EF1C55A00AD3D55 /* FizzBuzzUITests */ = {
			isa = PBXNativeTarget;
			buildConfigurationList = 3242F46F1EF1C55A00AD3D55 /* Build configuration list for PBXNativeTarget "FizzBuzzUITests" */;
			buildPhases = (
				3242F45C1EF1C55A00AD3D55 /* Sources */,
				3242F45D1EF1C55A00AD3D55 /* Frameworks */,
				3242F45E1EF1C55A00AD3D55 /* Resources */,
				3242F4821EF1C74500AD3D55 /* CopyFiles */,
			);
			buildRules = (
			);
			dependencies = (
				3242F4621EF1C55A00AD3D55 /* PBXTargetDependency */,
			);
			name = FizzBuzzUITests;
			productName = FizzBuzzUITests;
			productReference = 3242F4601EF1C55A00AD3D55 /* FizzBuzzUITests.xctest */;
			productType = "com.apple.product-type.bundle.ui-testing";
		};
/* End PBXNativeTarget section */

/* Begin PBXProject section */
		3242F4391EF1C55A00AD3D55 /* Project object */ = {
			isa = PBXProject;
			attributes = {
				LastSwiftUpdateCheck = 0830;
				LastUpgradeCheck = 0830;
				ORGANIZATIONNAME = "Matthew Dabit";
				TargetAttributes = {
					3242F4401EF1C55A00AD3D55 = {
						CreatedOnToolsVersion = 8.3.3;
						DevelopmentTeam = DM84J5R23J;
						ProvisioningStyle = Automatic;
					};
					3242F4541EF1C55A00AD3D55 = {
						CreatedOnToolsVersion = 8.3.3;
						DevelopmentTeam = DM84J5R23J;
						LastSwiftMigration = 0830;
						ProvisioningStyle = Automatic;
						TestTargetID = 3242F4401EF1C55A00AD3D55;
					};
					3242F45F1EF1C55A00AD3D55 = {
						CreatedOnToolsVersion = 8.3.3;
						DevelopmentTeam = DM84J5R23J;
						ProvisioningStyle = Automatic;
						TestTargetID = 3242F4401EF1C55A00AD3D55;
					};
				};
			};
			buildConfigurationList = 3242F43C1EF1C55A00AD3D55 /* Build configuration list for PBXProject "FizzBuzz" */;
			compatibilityVersion = "Xcode 3.2";
			developmentRegion = English;
			hasScannedForEncodings = 0;
			knownRegions = (
				en,
				Base,
			);
			mainGroup = 3242F4381EF1C55A00AD3D55;
			productRefGroup = 3242F4421EF1C55A00AD3D55 /* Products */;
			projectDirPath = "";
			projectRoot = "";
			targets = (
				3242F4401EF1C55A00AD3D55 /* FizzBuzz */,
				3242F4541EF1C55A00AD3D55 /* FizzBuzzTests */,
				3242F45F1EF1C55A00AD3D55 /* FizzBuzzUITests */,
			);
		};
/* End PBXProject section */

/* Begin PBXResourcesBuildPhase section */
		3242F43F1EF1C55A00AD3D55 /* Resources */ = {
			isa = PBXResourcesBuildPhase;
			buildActionMask = 2147483647;
			files = (
				3242F44F1EF1C55A00AD3D55 /* LaunchScreen.storyboard in Resources */,
				3242F44C1EF1C55A00AD3D55 /* Assets.xcassets in Resources */,
				3242F44A1EF1C55A00AD3D55 /* Main.storyboard in Resources */,
			);
			runOnlyForDeploymentPostprocessing = 0;
		};
		3242F4531EF1C55A00AD3D55 /* Resources */ = {
			isa = PBXResourcesBuildPhase;
			buildActionMask = 2147483647;
			files = (
			);
			runOnlyForDeploymentPostprocessing = 0;
		};
		3242F45E1EF1C55A00AD3D55 /* Resources */ = {
			isa = PBXResourcesBuildPhase;
			buildActionMask = 2147483647;
			files = (
			);
			runOnlyForDeploymentPostprocessing = 0;
		};
/* End PBXResourcesBuildPhase section */

/* Begin PBXSourcesBuildPhase section */
		3242F43D1EF1C55A00AD3D55 /* Sources */ = {
			isa = PBXSourcesBuildPhase;
			buildActionMask = 2147483647;
			files = (
				3242F4471EF1C55A00AD3D55 /* ViewController.swift in Sources */,
				3242F4861EF1C88300AD3D55 /* Brain.swift in Sources */,
				3242F4451EF1C55A00AD3D55 /* AppDelegate.swift in Sources */,
			);
			runOnlyForDeploymentPostprocessing = 0;
		};
		3242F4511EF1C55A00AD3D55 /* Sources */ = {
			isa = PBXSourcesBuildPhase;
			buildActionMask = 2147483647;
			files = (
				3242F4731EF1C5A200AD3D55 /* FizzBuzz.swift in Sources */,
			);
			runOnlyForDeploymentPostprocessing = 0;
		};
		3242F45C1EF1C55A00AD3D55 /* Sources */ = {
			isa = PBXSourcesBuildPhase;
			buildActionMask = 2147483647;
			files = (
				3242F4651EF1C55A00AD3D55 /* FizzBuzzUITests.swift in Sources */,
			);
			runOnlyForDeploymentPostprocessing = 0;
		};
/* End PBXSourcesBuildPhase section */

/* Begin PBXTargetDependency section */
		3242F4571EF1C55A00AD3D55 /* PBXTargetDependency */ = {
			isa = PBXTargetDependency;
			target = 3242F4401EF1C55A00AD3D55 /* FizzBuzz */;
			targetProxy = 3242F4561EF1C55A00AD3D55 /* PBXContainerItemProxy */;
		};
		3242F4621EF1C55A00AD3D55 /* PBXTargetDependency */ = {
			isa = PBXTargetDependency;
			target = 3242F4401EF1C55A00AD3D55 /* FizzBuzz */;
			targetProxy = 3242F4611EF1C55A00AD3D55 /* PBXContainerItemProxy */;
		};
/* End PBXTargetDependency section */

/* Begin PBXVariantGroup section */
		3242F4481EF1C55A00AD3D55 /* Main.storyboard */ = {
			isa = PBXVariantGroup;
			children = (
				3242F4491EF1C55A00AD3D55 /* Base */,
			);
			name = Main.storyboard;
			sourceTree = "<group>";
		};
		3242F44D1EF1C55A00AD3D55 /* LaunchScreen.storyboard */ = {
			isa = PBXVariantGroup;
			children = (
				3242F44E1EF1C55A00AD3D55 /* Base */,
			);
			name = LaunchScreen.storyboard;
			sourceTree = "<group>";
		};
/* End PBXVariantGroup section */

/* Begin XCBuildConfiguration section */
		3242F4671EF1C55A00AD3D55 /* Debug */ = {
			isa = XCBuildConfiguration;
			buildSettings = {
				ALWAYS_SEARCH_USER_PATHS = NO;
				CLANG_ANALYZER_NONNULL = YES;
				CLANG_ANALYZER_NUMBER_OBJECT_CONVERSION = YES_AGGRESSIVE;
				CLANG_CXX_LANGUAGE_STANDARD = "gnu++0x";
				CLANG_CXX_LIBRARY = "libc++";
				CLANG_ENABLE_MODULES = YES;
				CLANG_ENABLE_OBJC_ARC = YES;
				CLANG_WARN_BOOL_CONVERSION = YES;
				CLANG_WARN_CONSTANT_CONVERSION = YES;
				CLANG_WARN_DIRECT_OBJC_ISA_USAGE = YES_ERROR;
				CLANG_WARN_DOCUMENTATION_COMMENTS = YES;
				CLANG_WARN_EMPTY_BODY = YES;
				CLANG_WARN_ENUM_CONVERSION = YES;
				CLANG_WARN_INFINITE_RECURSION = YES;
				CLANG_WARN_INT_CONVERSION = YES;
				CLANG_WARN_OBJC_ROOT_CLASS = YES_ERROR;
				CLANG_WARN_SUSPICIOUS_MOVE = YES;
				CLANG_WARN_UNREACHABLE_CODE = YES;
				CLANG_WARN__DUPLICATE_METHOD_MATCH = YES;
				"CODE_SIGN_IDENTITY[sdk=iphoneos*]" = "iPhone Developer";
				COPY_PHASE_STRIP = NO;
				DEBUG_INFORMATION_FORMAT = dwarf;
				ENABLE_STRICT_OBJC_MSGSEND = YES;
				ENABLE_TESTABILITY = YES;
				GCC_C_LANGUAGE_STANDARD = gnu99;
				GCC_DYNAMIC_NO_PIC = NO;
				GCC_NO_COMMON_BLOCKS = YES;
				GCC_OPTIMIZATION_LEVEL = 0;
				GCC_PREPROCESSOR_DEFINITIONS = (
					"DEBUG=1",
					"$(inherited)",
				);
				GCC_WARN_64_TO_32_BIT_CONVERSION = YES;
				GCC_WARN_ABOUT_RETURN_TYPE = YES_ERROR;
				GCC_WARN_UNDECLARED_SELECTOR = YES;
				GCC_WARN_UNINITIALIZED_AUTOS = YES_AGGRESSIVE;
				GCC_WARN_UNUSED_FUNCTION = YES;
				GCC_WARN_UNUSED_VARIABLE = YES;
				IPHONEOS_DEPLOYMENT_TARGET = 10.3;
				MTL_ENABLE_DEBUG_INFO = YES;
				ONLY_ACTIVE_ARCH = YES;
				SDKROOT = iphoneos;
				SWIFT_ACTIVE_COMPILATION_CONDITIONS = DEBUG;
				SWIFT_OPTIMIZATION_LEVEL = "-Onone";
				TARGETED_DEVICE_FAMILY = "1,2";
			};
			name = Debug;
		};
		3242F4681EF1C55A00AD3D55 /* Release */ = {
			isa = XCBuildConfiguration;
			buildSettings = {
				ALWAYS_SEARCH_USER_PATHS = NO;
				CLANG_ANALYZER_NONNULL = YES;
				CLANG_ANALYZER_NUMBER_OBJECT_CONVERSION = YES_AGGRESSIVE;
				CLANG_CXX_LANGUAGE_STANDARD = "gnu++0x";
				CLANG_CXX_LIBRARY = "libc++";
				CLANG_ENABLE_MODULES = YES;
				CLANG_ENABLE_OBJC_ARC = YES;
				CLANG_WARN_BOOL_CONVERSION = YES;
				CLANG_WARN_CONSTANT_CONVERSION = YES;
				CLANG_WARN_DIRECT_OBJC_ISA_USAGE = YES_ERROR;
				CLANG_WARN_DOCUMENTATION_COMMENTS = YES;
				CLANG_WARN_EMPTY_BODY = YES;
				CLANG_WARN_ENUM_CONVERSION = YES;
				CLANG_WARN_INFINITE_RECURSION = YES;
				CLANG_WARN_INT_CONVERSION = YES;
				CLANG_WARN_OBJC_ROOT_CLASS = YES_ERROR;
				CLANG_WARN_SUSPICIOUS_MOVE = YES;
				CLANG_WARN_UNREACHABLE_CODE = YES;
				CLANG_WARN__DUPLICATE_METHOD_MATCH = YES;
				"CODE_SIGN_IDENTITY[sdk=iphoneos*]" = "iPhone Developer";
				COPY_PHASE_STRIP = NO;
				DEBUG_INFORMATION_FORMAT = "dwarf-with-dsym";
				ENABLE_NS_ASSERTIONS = NO;
				ENABLE_STRICT_OBJC_MSGSEND = YES;
				GCC_C_LANGUAGE_STANDARD = gnu99;
				GCC_NO_COMMON_BLOCKS = YES;
				GCC_WARN_64_TO_32_BIT_CONVERSION = YES;
				GCC_WARN_ABOUT_RETURN_TYPE = YES_ERROR;
				GCC_WARN_UNDECLARED_SELECTOR = YES;
				GCC_WARN_UNINITIALIZED_AUTOS = YES_AGGRESSIVE;
				GCC_WARN_UNUSED_FUNCTION = YES;
				GCC_WARN_UNUSED_VARIABLE = YES;
				IPHONEOS_DEPLOYMENT_TARGET = 10.3;
				MTL_ENABLE_DEBUG_INFO = NO;
				SDKROOT = iphoneos;
				SWIFT_OPTIMIZATION_LEVEL = "-Owholemodule";
				TARGETED_DEVICE_FAMILY = "1,2";
				VALIDATE_PRODUCT = YES;
			};
			name = Release;
		};
		3242F46A1EF1C55A00AD3D55 /* Debug */ = {
			isa = XCBuildConfiguration;
			buildSettings = {
				ASSETCATALOG_COMPILER_APPICON_NAME = AppIcon;
				DEVELOPMENT_TEAM = DM84J5R23J;
				FRAMEWORK_SEARCH_PATHS = (
					"$(inherited)",
					"$(PROJECT_DIR)/Carthage/Build/iOS",
				);
				INFOPLIST_FILE = FizzBuzz/Info.plist;
				LD_RUNPATH_SEARCH_PATHS = "$(inherited) @executable_path/Frameworks";
				PRODUCT_BUNDLE_IDENTIFIER = org.thoughtworks.dabit.FizzBuzz;
				PRODUCT_NAME = "$(TARGET_NAME)";
				SWIFT_VERSION = 3.0;
			};
			name = Debug;
		};
		3242F46B1EF1C55A00AD3D55 /* Release */ = {
			isa = XCBuildConfiguration;
			buildSettings = {
				ASSETCATALOG_COMPILER_APPICON_NAME = AppIcon;
				DEVELOPMENT_TEAM = DM84J5R23J;
				FRAMEWORK_SEARCH_PATHS = (
					"$(inherited)",
					"$(PROJECT_DIR)/Carthage/Build/iOS",
				);
				INFOPLIST_FILE = FizzBuzz/Info.plist;
				LD_RUNPATH_SEARCH_PATHS = "$(inherited) @executable_path/Frameworks";
				PRODUCT_BUNDLE_IDENTIFIER = org.thoughtworks.dabit.FizzBuzz;
				PRODUCT_NAME = "$(TARGET_NAME)";
				SWIFT_VERSION = 3.0;
			};
			name = Release;
		};
		3242F46D1EF1C55A00AD3D55 /* Debug */ = {
			isa = XCBuildConfiguration;
			buildSettings = {
				ALWAYS_EMBED_SWIFT_STANDARD_LIBRARIES = YES;
				BUNDLE_LOADER = "$(TEST_HOST)";
				CLANG_ENABLE_MODULES = YES;
				DEVELOPMENT_TEAM = DM84J5R23J;
				FRAMEWORK_SEARCH_PATHS = (
					"$(inherited)",
					"$(PROJECT_DIR)/Carthage/Build/iOS",
				);
				INFOPLIST_FILE = FizzBuzzTests/Info.plist;
				LD_RUNPATH_SEARCH_PATHS = "$(inherited) @executable_path/Frameworks @loader_path/Frameworks";
				PRODUCT_BUNDLE_IDENTIFIER = org.thoughtworks.dabit.FizzBuzzTests;
				PRODUCT_NAME = "$(TARGET_NAME)";
				SWIFT_OPTIMIZATION_LEVEL = "-Onone";
				SWIFT_VERSION = 3.0;
				TEST_HOST = "$(BUILT_PRODUCTS_DIR)/FizzBuzz.app/FizzBuzz";
			};
			name = Debug;
		};
		3242F46E1EF1C55A00AD3D55 /* Release */ = {
			isa = XCBuildConfiguration;
			buildSettings = {
				ALWAYS_EMBED_SWIFT_STANDARD_LIBRARIES = YES;
				BUNDLE_LOADER = "$(TEST_HOST)";
				CLANG_ENABLE_MODULES = YES;
				DEVELOPMENT_TEAM = DM84J5R23J;
				FRAMEWORK_SEARCH_PATHS = (
					"$(inherited)",
					"$(PROJECT_DIR)/Carthage/Build/iOS",
				);
				INFOPLIST_FILE = FizzBuzzTests/Info.plist;
				LD_RUNPATH_SEARCH_PATHS = "$(inherited) @executable_path/Frameworks @loader_path/Frameworks";
				PRODUCT_BUNDLE_IDENTIFIER = org.thoughtworks.dabit.FizzBuzzTests;
				PRODUCT_NAME = "$(TARGET_NAME)";
				SWIFT_VERSION = 3.0;
				TEST_HOST = "$(BUILT_PRODUCTS_DIR)/FizzBuzz.app/FizzBuzz";
			};
			name = Release;
		};
		3242F4701EF1C55A00AD3D55 /* Debug */ = {
			isa = XCBuildConfiguration;
			buildSettings = {
				ALWAYS_EMBED_SWIFT_STANDARD_LIBRARIES = YES;
				DEVELOPMENT_TEAM = DM84J5R23J;
				FRAMEWORK_SEARCH_PATHS = (
					"$(inherited)",
					"$(PROJECT_DIR)/Carthage/Build/iOS",
				);
				INFOPLIST_FILE = FizzBuzzUITests/Info.plist;
				LD_RUNPATH_SEARCH_PATHS = "$(inherited) @executable_path/Frameworks @loader_path/Frameworks";
				PRODUCT_BUNDLE_IDENTIFIER = org.thoughtworks.dabit.FizzBuzzUITests;
				PRODUCT_NAME = "$(TARGET_NAME)";
				SWIFT_VERSION = 3.0;
				TEST_TARGET_NAME = FizzBuzz;
			};
			name = Debug;
		};
		3242F4711EF1C55A00AD3D55 /* Release */ = {
			isa = XCBuildConfiguration;
			buildSettings = {
				ALWAYS_EMBED_SWIFT_STANDARD_LIBRARIES = YES;
				DEVELOPMENT_TEAM = DM84J5R23J;
				FRAMEWORK_SEARCH_PATHS = (
					"$(inherited)",
					"$(PROJECT_DIR)/Carthage/Build/iOS",
				);
				INFOPLIST_FILE = FizzBuzzUITests/Info.plist;
				LD_RUNPATH_SEARCH_PATHS = "$(inherited) @executable_path/Frameworks @loader_path/Frameworks";
				PRODUCT_BUNDLE_IDENTIFIER = org.thoughtworks.dabit.FizzBuzzUITests;
				PRODUCT_NAME = "$(TARGET_NAME)";
				SWIFT_VERSION = 3.0;
				TEST_TARGET_NAME = FizzBuzz;
			};
			name = Release;
		};
/* End XCBuildConfiguration section */

/* Begin XCConfigurationList section */
		3242F43C1EF1C55A00AD3D55 /* Build configuration list for PBXProject "FizzBuzz" */ = {
			isa = XCConfigurationList;
			buildConfigurations = (
				3242F4671EF1C55A00AD3D55 /* Debug */,
				3242F4681EF1C55A00AD3D55 /* Release */,
			);
			defaultConfigurationIsVisible = 0;
			defaultConfigurationName = Release;
		};
		3242F4691EF1C55A00AD3D55 /* Build configuration list for PBXNativeTarget "FizzBuzz" */ = {
			isa = XCConfigurationList;
			buildConfigurations = (
				3242F46A1EF1C55A00AD3D55 /* Debug */,
				3242F46B1EF1C55A00AD3D55 /* Release */,
			);
			defaultConfigurationIsVisible = 0;
		};
		3242F46C1EF1C55A00AD3D55 /* Build configuration list for PBXNativeTarget "FizzBuzzTests" */ = {
			isa = XCConfigurationList;
			buildConfigurations = (
				3242F46D1EF1C55A00AD3D55 /* Debug */,
				3242F46E1EF1C55A00AD3D55 /* Release */,
			);
			defaultConfigurationIsVisible = 0;
		};
		3242F46F1EF1C55A00AD3D55 /* Build configuration list for PBXNativeTarget "FizzBuzzUITests" */ = {
			isa = XCConfigurationList;
			buildConfigurations = (
				3242F4701EF1C55A00AD3D55 /* Debug */,
				3242F4711EF1C55A00AD3D55 /* Release */,
			);
			defaultConfigurationIsVisible = 0;
		};
/* End XCConfigurationList section */
	};
	rootObject = 3242F4391EF1C55A00AD3D55 /* Project object */;
}
